// !$*UTF8*$!
{
	archiveVersion = 1;
	classes = {
	};
	objectVersion = 46;
	objects = {

/* Begin PBXBuildFile section */
		7A4117341F960DEA0041EF33 /* LocationsViewController.swift in Sources */ = {isa = PBXBuildFile; fileRef = 7A4117331F960DEA0041EF33 /* LocationsViewController.swift */; };
		7A480E0A1ED6D43200357C98 /* AppDelegate.swift in Sources */ = {isa = PBXBuildFile; fileRef = 7A480E091ED6D43200357C98 /* AppDelegate.swift */; };
		7A480E0C1ED6D43200357C98 /* CurrentLocationViewController.swift in Sources */ = {isa = PBXBuildFile; fileRef = 7A480E0B1ED6D43200357C98 /* CurrentLocationViewController.swift */; };
		7A480E111ED6D43200357C98 /* Main.storyboard in Resources */ = {isa = PBXBuildFile; fileRef = 7A480E0F1ED6D43200357C98 /* Main.storyboard */; };
		7A480E131ED6D43200357C98 /* Assets.xcassets in Resources */ = {isa = PBXBuildFile; fileRef = 7A480E121ED6D43200357C98 /* Assets.xcassets */; };
		7A480E161ED6D43200357C98 /* LaunchScreen.storyboard in Resources */ = {isa = PBXBuildFile; fileRef = 7A480E141ED6D43200357C98 /* LaunchScreen.storyboard */; };
		7A5999EA1F8247D2001BA091 /* SuccessView.swift in Sources */ = {isa = PBXBuildFile; fileRef = 7A5999E91F8247D2001BA091 /* SuccessView.swift */; };
		7A5999ED1F848FBB001BA091 /* DataModel.xcdatamodeld in Sources */ = {isa = PBXBuildFile; fileRef = 7A5999EB1F848FBB001BA091 /* DataModel.xcdatamodeld */; };
		7A599A021F84C284001BA091 /* Location+CoreDataClass.swift in Sources */ = {isa = PBXBuildFile; fileRef = 7A599A001F84C284001BA091 /* Location+CoreDataClass.swift */; };
		7A599A031F84C284001BA091 /* Location+CoreDataProperties.swift in Sources */ = {isa = PBXBuildFile; fileRef = 7A599A011F84C284001BA091 /* Location+CoreDataProperties.swift */; };
		7AE9E35D1F93660F0004FEF9 /* DataBaseFunctions.swift in Sources */ = {isa = PBXBuildFile; fileRef = 7AE9E35C1F93660F0004FEF9 /* DataBaseFunctions.swift */; };
		7AEB9D391F74EB8B00E76D7E /* TagLocationViewController.swift in Sources */ = {isa = PBXBuildFile; fileRef = 7AEB9D381F74EB8B00E76D7E /* TagLocationViewController.swift */; };
		7AEB9D3B1F76546800E76D7E /* CategoryPickerViewController.swift in Sources */ = {isa = PBXBuildFile; fileRef = 7AEB9D3A1F76546800E76D7E /* CategoryPickerViewController.swift */; };
		7AEB9D3D1F7654B200E76D7E /* LocationCategories.swift in Sources */ = {isa = PBXBuildFile; fileRef = 7AEB9D3C1F7654B200E76D7E /* LocationCategories.swift */; };
/* End PBXBuildFile section */

/* Begin PBXFileReference section */
		7A4117331F960DEA0041EF33 /* LocationsViewController.swift */ = {isa = PBXFileReference; lastKnownFileType = sourcecode.swift; path = LocationsViewController.swift; sourceTree = "<group>"; };
		7A480E061ED6D43200357C98 /* MyLocations.app */ = {isa = PBXFileReference; explicitFileType = wrapper.application; includeInIndex = 0; path = MyLocations.app; sourceTree = BUILT_PRODUCTS_DIR; };
		7A480E091ED6D43200357C98 /* AppDelegate.swift */ = {isa = PBXFileReference; lastKnownFileType = sourcecode.swift; path = AppDelegate.swift; sourceTree = "<group>"; };
		7A480E0B1ED6D43200357C98 /* CurrentLocationViewController.swift */ = {isa = PBXFileReference; lastKnownFileType = sourcecode.swift; path = CurrentLocationViewController.swift; sourceTree = "<group>"; };
		7A480E101ED6D43200357C98 /* Base */ = {isa = PBXFileReference; lastKnownFileType = file.storyboard; name = Base; path = Base.lproj/Main.storyboard; sourceTree = "<group>"; };
		7A480E121ED6D43200357C98 /* Assets.xcassets */ = {isa = PBXFileReference; lastKnownFileType = folder.assetcatalog; path = Assets.xcassets; sourceTree = "<group>"; };
		7A480E151ED6D43200357C98 /* Base */ = {isa = PBXFileReference; lastKnownFileType = file.storyboard; name = Base; path = Base.lproj/LaunchScreen.storyboard; sourceTree = "<group>"; };
		7A480E171ED6D43200357C98 /* Info.plist */ = {isa = PBXFileReference; lastKnownFileType = text.plist.xml; path = Info.plist; sourceTree = "<group>"; };
		7A5999E91F8247D2001BA091 /* SuccessView.swift */ = {isa = PBXFileReference; lastKnownFileType = sourcecode.swift; path = SuccessView.swift; sourceTree = "<group>"; };
		7A5999EC1F848FBB001BA091 /* DataModel.xcdatamodel */ = {isa = PBXFileReference; lastKnownFileType = wrapper.xcdatamodel; path = DataModel.xcdatamodel; sourceTree = "<group>"; };
		7A599A001F84C284001BA091 /* Location+CoreDataClass.swift */ = {isa = PBXFileReference; lastKnownFileType = sourcecode.swift; path = "Location+CoreDataClass.swift"; sourceTree = "<group>"; };
		7A599A011F84C284001BA091 /* Location+CoreDataProperties.swift */ = {isa = PBXFileReference; lastKnownFileType = sourcecode.swift; path = "Location+CoreDataProperties.swift"; sourceTree = "<group>"; };
		7AE9E35C1F93660F0004FEF9 /* DataBaseFunctions.swift */ = {isa = PBXFileReference; lastKnownFileType = sourcecode.swift; path = DataBaseFunctions.swift; sourceTree = "<group>"; };
		7AEB9D381F74EB8B00E76D7E /* TagLocationViewController.swift */ = {isa = PBXFileReference; lastKnownFileType = sourcecode.swift; path = TagLocationViewController.swift; sourceTree = "<group>"; };
		7AEB9D3A1F76546800E76D7E /* CategoryPickerViewController.swift */ = {isa = PBXFileReference; lastKnownFileType = sourcecode.swift; path = CategoryPickerViewController.swift; sourceTree = "<group>"; };
		7AEB9D3C1F7654B200E76D7E /* LocationCategories.swift */ = {isa = PBXFileReference; lastKnownFileType = sourcecode.swift; path = LocationCategories.swift; sourceTree = "<group>"; };
/* End PBXFileReference section */

/* Begin PBXFrameworksBuildPhase section */
		7A480E031ED6D43200357C98 /* Frameworks */ = {
			isa = PBXFrameworksBuildPhase;
			buildActionMask = 2147483647;
			files = (
			);
			runOnlyForDeploymentPostprocessing = 0;
		};
/* End PBXFrameworksBuildPhase section */

/* Begin PBXGroup section */
		7A480DFD1ED6D43200357C98 = {
			isa = PBXGroup;
			children = (
				7A480E081ED6D43200357C98 /* MyLocations */,
				7A480E071ED6D43200357C98 /* Products */,
			);
			sourceTree = "<group>";
		};
		7A480E071ED6D43200357C98 /* Products */ = {
			isa = PBXGroup;
			children = (
				7A480E061ED6D43200357C98 /* MyLocations.app */,
			);
			name = Products;
			sourceTree = "<group>";
		};
		7A480E081ED6D43200357C98 /* MyLocations */ = {
			isa = PBXGroup;
			children = (
				7AB5A5B51F945E8E0036FC00 /* Data Objects */,
				7A480E0F1ED6D43200357C98 /* Main.storyboard */,
				7A480E091ED6D43200357C98 /* AppDelegate.swift */,
				7AE9E35C1F93660F0004FEF9 /* DataBaseFunctions.swift */,
				7A480E0B1ED6D43200357C98 /* CurrentLocationViewController.swift */,
				7AEB9D381F74EB8B00E76D7E /* TagLocationViewController.swift */,
				7AEB9D3A1F76546800E76D7E /* CategoryPickerViewController.swift */,
				7AEB9D3C1F7654B200E76D7E /* LocationCategories.swift */,
				7A5999E91F8247D2001BA091 /* SuccessView.swift */,
				7A4117331F960DEA0041EF33 /* LocationsViewController.swift */,
				7A480E121ED6D43200357C98 /* Assets.xcassets */,
				7A480E141ED6D43200357C98 /* LaunchScreen.storyboard */,
				7A480E171ED6D43200357C98 /* Info.plist */,
				7A5999EB1F848FBB001BA091 /* DataModel.xcdatamodeld */,
			);
			path = MyLocations;
			sourceTree = "<group>";
		};
		7AB5A5B51F945E8E0036FC00 /* Data Objects */ = {
			isa = PBXGroup;
			children = (
				7A599A001F84C284001BA091 /* Location+CoreDataClass.swift */,
				7A599A011F84C284001BA091 /* Location+CoreDataProperties.swift */,
			);
			path = "Data Objects";
			sourceTree = "<group>";
		};
/* End PBXGroup section */

/* Begin PBXNativeTarget section */
		7A480E051ED6D43200357C98 /* MyLocations */ = {
			isa = PBXNativeTarget;
			buildConfigurationList = 7A480E1A1ED6D43200357C98 /* Build configuration list for PBXNativeTarget "MyLocations" */;
			buildPhases = (
				7A480E021ED6D43200357C98 /* Sources */,
				7A480E031ED6D43200357C98 /* Frameworks */,
				7A480E041ED6D43200357C98 /* Resources */,
			);
			buildRules = (
			);
			dependencies = (
			);
			name = MyLocations;
			productName = MyLocations;
			productReference = 7A480E061ED6D43200357C98 /* MyLocations.app */;
			productType = "com.apple.product-type.application";
		};
/* End PBXNativeTarget section */

/* Begin PBXProject section */
		7A480DFE1ED6D43200357C98 /* Project object */ = {
			isa = PBXProject;
			attributes = {
				LastSwiftUpdateCheck = 0830;
				LastUpgradeCheck = 0900;
				ORGANIZATIONNAME = "Pavel Prokofyev";
				TargetAttributes = {
					7A480E051ED6D43200357C98 = {
						CreatedOnToolsVersion = 8.3.2;
						LastSwiftMigration = 0900;
						ProvisioningStyle = Automatic;
					};
				};
			};
			buildConfigurationList = 7A480E011ED6D43200357C98 /* Build configuration list for PBXProject "MyLocations" */;
			compatibilityVersion = "Xcode 3.2";
			developmentRegion = English;
			hasScannedForEncodings = 0;
			knownRegions = (
				en,
				Base,
			);
			mainGroup = 7A480DFD1ED6D43200357C98;
			productRefGroup = 7A480E071ED6D43200357C98 /* Products */;
			projectDirPath = "";
			projectRoot = "";
			targets = (
				7A480E051ED6D43200357C98 /* MyLocations */,
			);
		};
/* End PBXProject section */

/* Begin PBXResourcesBuildPhase section */
		7A480E041ED6D43200357C98 /* Resources */ = {
			isa = PBXResourcesBuildPhase;
			buildActionMask = 2147483647;
			files = (
				7A480E161ED6D43200357C98 /* LaunchScreen.storyboard in Resources */,
				7A480E131ED6D43200357C98 /* Assets.xcassets in Resources */,
				7A480E111ED6D43200357C98 /* Main.storyboard in Resources */,
			);
			runOnlyForDeploymentPostprocessing = 0;
		};
/* End PBXResourcesBuildPhase section */

/* Begin PBXSourcesBuildPhase section */
		7A480E021ED6D43200357C98 /* Sources */ = {
			isa = PBXSourcesBuildPhase;
			buildActionMask = 2147483647;
			files = (
				7A5999ED1F848FBB001BA091 /* DataModel.xcdatamodeld in Sources */,
				7A480E0A1ED6D43200357C98 /* AppDelegate.swift in Sources */,
				7AEB9D391F74EB8B00E76D7E /* TagLocationViewController.swift in Sources */,
				7A599A031F84C284001BA091 /* Location+CoreDataProperties.swift in Sources */,
				7AE9E35D1F93660F0004FEF9 /* DataBaseFunctions.swift in Sources */,
				7AEB9D3B1F76546800E76D7E /* CategoryPickerViewController.swift in Sources */,
				7AEB9D3D1F7654B200E76D7E /* LocationCategories.swift in Sources */,
				7A599A021F84C284001BA091 /* Location+CoreDataClass.swift in Sources */,
				7A480E0C1ED6D43200357C98 /* CurrentLocationViewController.swift in Sources */,
				7A5999EA1F8247D2001BA091 /* SuccessView.swift in Sources */,
				7A4117341F960DEA0041EF33 /* LocationsViewController.swift in Sources */,
			);
			runOnlyForDeploymentPostprocessing = 0;
		};
/* End PBXSourcesBuildPhase section */

/* Begin PBXVariantGroup section */
		7A480E0F1ED6D43200357C98 /* Main.storyboard */ = {
			isa = PBXVariantGroup;
			children = (
				7A480E101ED6D43200357C98 /* Base */,
			);
			name = Main.storyboard;
			sourceTree = "<group>";
		};
		7A480E141ED6D43200357C98 /* LaunchScreen.storyboard */ = {
			isa = PBXVariantGroup;
			children = (
				7A480E151ED6D43200357C98 /* Base */,
			);
			name = LaunchScreen.storyboard;
			sourceTree = "<group>";
		};
/* End PBXVariantGroup section */

/* Begin XCBuildConfiguration section */
		7A480E181ED6D43200357C98 /* Debug */ = {
			isa = XCBuildConfiguration;
			buildSettings = {
				ALWAYS_SEARCH_USER_PATHS = NO;
				CLANG_ANALYZER_NONNULL = YES;
				CLANG_ANALYZER_NUMBER_OBJECT_CONVERSION = YES_AGGRESSIVE;
				CLANG_CXX_LANGUAGE_STANDARD = "gnu++0x";
				CLANG_CXX_LIBRARY = "libc++";
				CLANG_ENABLE_MODULES = YES;
				CLANG_ENABLE_OBJC_ARC = YES;
				CLANG_WARN_BLOCK_CAPTURE_AUTORELEASING = YES;
				CLANG_WARN_BOOL_CONVERSION = YES;
				CLANG_WARN_COMMA = YES;
				CLANG_WARN_CONSTANT_CONVERSION = YES;
				CLANG_WARN_DIRECT_OBJC_ISA_USAGE = YES_ERROR;
				CLANG_WARN_DOCUMENTATION_COMMENTS = YES;
				CLANG_WARN_EMPTY_BODY = YES;
				CLANG_WARN_ENUM_CONVERSION = YES;
				CLANG_WARN_INFINITE_RECURSION = YES;
				CLANG_WARN_INT_CONVERSION = YES;
				CLANG_WARN_NON_LITERAL_NULL_CONVERSION = YES;
				CLANG_WARN_OBJC_LITERAL_CONVERSION = YES;
				CLANG_WARN_OBJC_ROOT_CLASS = YES_ERROR;
				CLANG_WARN_RANGE_LOOP_ANALYSIS = YES;
				CLANG_WARN_STRICT_PROTOTYPES = YES;
				CLANG_WARN_SUSPICIOUS_MOVE = YES;
				CLANG_WARN_UNREACHABLE_CODE = YES;
				CLANG_WARN__DUPLICATE_METHOD_MATCH = YES;
				"CODE_SIGN_IDENTITY[sdk=iphoneos*]" = "iPhone Developer";
				COPY_PHASE_STRIP = NO;
				DEBUG_INFORMATION_FORMAT = dwarf;
				ENABLE_STRICT_OBJC_MSGSEND = YES;
				ENABLE_TESTABILITY = YES;
				GCC_C_LANGUAGE_STANDARD = gnu99;
				GCC_DYNAMIC_NO_PIC = NO;
				GCC_NO_COMMON_BLOCKS = YES;
				GCC_OPTIMIZATION_LEVEL = 0;
				GCC_PREPROCESSOR_DEFINITIONS = (
					"DEBUG=1",
					"$(inherited)",
				);
				GCC_WARN_64_TO_32_BIT_CONVERSION = YES;
				GCC_WARN_ABOUT_RETURN_TYPE = YES_ERROR;
				GCC_WARN_UNDECLARED_SELECTOR = YES;
				GCC_WARN_UNINITIALIZED_AUTOS = YES_AGGRESSIVE;
				GCC_WARN_UNUSED_FUNCTION = YES;
				GCC_WARN_UNUSED_VARIABLE = YES;
				IPHONEOS_DEPLOYMENT_TARGET = 10.3;
				MTL_ENABLE_DEBUG_INFO = YES;
				ONLY_ACTIVE_ARCH = YES;
				SDKROOT = iphoneos;
				SWIFT_ACTIVE_COMPILATION_CONDITIONS = DEBUG;
				SWIFT_OPTIMIZATION_LEVEL = "-Onone";
				TARGETED_DEVICE_FAMILY = "1,2";
			};
			name = Debug;
		};
		7A480E191ED6D43200357C98 /* Release */ = {
			isa = XCBuildConfiguration;
			buildSettings = {
				ALWAYS_SEARCH_USER_PATHS = NO;
				CLANG_ANALYZER_NONNULL = YES;
				CLANG_ANALYZER_NUMBER_OBJECT_CONVERSION = YES_AGGRESSIVE;
				CLANG_CXX_LANGUAGE_STANDARD = "gnu++0x";
				CLANG_CXX_LIBRARY = "libc++";
				CLANG_ENABLE_MODULES = YES;
				CLANG_ENABLE_OBJC_ARC = YES;
				CLANG_WARN_BLOCK_CAPTURE_AUTORELEASING = YES;
				CLANG_WARN_BOOL_CONVERSION = YES;
				CLANG_WARN_COMMA = YES;
				CLANG_WARN_CONSTANT_CONVERSION = YES;
				CLANG_WARN_DIRECT_OBJC_ISA_USAGE = YES_ERROR;
				CLANG_WARN_DOCUMENTATION_COMMENTS = YES;
				CLANG_WARN_EMPTY_BODY = YES;
				CLANG_WARN_ENUM_CONVERSION = YES;
				CLANG_WARN_INFINITE_RECURSION = YES;
				CLANG_WARN_INT_CONVERSION = YES;
				CLANG_WARN_NON_LITERAL_NULL_CONVERSION = YES;
				CLANG_WARN_OBJC_LITERAL_CONVERSION = YES;
				CLANG_WARN_OBJC_ROOT_CLASS = YES_ERROR;
				CLANG_WARN_RANGE_LOOP_ANALYSIS = YES;
				CLANG_WARN_STRICT_PROTOTYPES = YES;
				CLANG_WARN_SUSPICIOUS_MOVE = YES;
				CLANG_WARN_UNREACHABLE_CODE = YES;
				CLANG_WARN__DUPLICATE_METHOD_MATCH = YES;
				"CODE_SIGN_IDENTITY[sdk=iphoneos*]" = "iPhone Developer";
				COPY_PHASE_STRIP = NO;
				DEBUG_INFORMATION_FORMAT = "dwarf-with-dsym";
				ENABLE_NS_ASSERTIONS = NO;
				ENABLE_STRICT_OBJC_MSGSEND = YES;
				GCC_C_LANGUAGE_STANDARD = gnu99;
				GCC_NO_COMMON_BLOCKS = YES;
				GCC_WARN_64_TO_32_BIT_CONVERSION = YES;
				GCC_WARN_ABOUT_RETURN_TYPE = YES_ERROR;
				GCC_WARN_UNDECLARED_SELECTOR = YES;
				GCC_WARN_UNINITIALIZED_AUTOS = YES_AGGRESSIVE;
				GCC_WARN_UNUSED_FUNCTION = YES;
				GCC_WARN_UNUSED_VARIABLE = YES;
				IPHONEOS_DEPLOYMENT_TARGET = 10.3;
				MTL_ENABLE_DEBUG_INFO = NO;
				SDKROOT = iphoneos;
				SWIFT_OPTIMIZATION_LEVEL = "-Owholemodule";
				TARGETED_DEVICE_FAMILY = "1,2";
				VALIDATE_PRODUCT = YES;
			};
			name = Release;
		};
		7A480E1B1ED6D43200357C98 /* Debug */ = {
			isa = XCBuildConfiguration;
			buildSettings = {
				ASSETCATALOG_COMPILER_APPICON_NAME = AppIcon;
				INFOPLIST_FILE = MyLocations/Info.plist;
				LD_RUNPATH_SEARCH_PATHS = "$(inherited) @executable_path/Frameworks";
				PRODUCT_BUNDLE_IDENTIFIER = pavelprokofyev.MyLocations;
				PRODUCT_NAME = "$(TARGET_NAME)";
				SWIFT_SWIFT3_OBJC_INFERENCE = Default;
				SWIFT_VERSION = 4.0;
			};
			name = Debug;
		};
		7A480E1C1ED6D43200357C98 /* Release */ = {
			isa = XCBuildConfiguration;
			buildSettings = {
				ASSETCATALOG_COMPILER_APPICON_NAME = AppIcon;
				INFOPLIST_FILE = MyLocations/Info.plist;
				LD_RUNPATH_SEARCH_PATHS = "$(inherited) @executable_path/Frameworks";
				PRODUCT_BUNDLE_IDENTIFIER = pavelprokofyev.MyLocations;
				PRODUCT_NAME = "$(TARGET_NAME)";
				SWIFT_SWIFT3_OBJC_INFERENCE = Default;
				SWIFT_VERSION = 4.0;
			};
			name = Release;
		};
/* End XCBuildConfiguration section */

/* Begin XCConfigurationList section */
		7A480E011ED6D43200357C98 /* Build configuration list for PBXProject "MyLocations" */ = {
			isa = XCConfigurationList;
			buildConfigurations = (
				7A480E181ED6D43200357C98 /* Debug */,
				7A480E191ED6D43200357C98 /* Release */,
			);
			defaultConfigurationIsVisible = 0;
			defaultConfigurationName = Release;
		};
		7A480E1A1ED6D43200357C98 /* Build configuration list for PBXNativeTarget "MyLocations" */ = {
			isa = XCConfigurationList;
			buildConfigurations = (
				7A480E1B1ED6D43200357C98 /* Debug */,
				7A480E1C1ED6D43200357C98 /* Release */,
			);
			defaultConfigurationIsVisible = 0;
			defaultConfigurationName = Release;
		};
/* End XCConfigurationList section */

/* Begin XCVersionGroup section */
		7A5999EB1F848FBB001BA091 /* DataModel.xcdatamodeld */ = {
			isa = XCVersionGroup;
			children = (
				7A5999EC1F848FBB001BA091 /* DataModel.xcdatamodel */,
			);
			currentVersion = 7A5999EC1F848FBB001BA091 /* DataModel.xcdatamodel */;
			path = DataModel.xcdatamodeld;
			sourceTree = "<group>";
			versionGroupType = wrapper.xcdatamodel;
		};
/* End XCVersionGroup section */
	};
	rootObject = 7A480DFE1ED6D43200357C98 /* Project object */;
}
